// !$*UTF8*$!
{
	archiveVersion = 1;
	classes = {
	};
	objectVersion = 77;
	objects = {

/* Begin PBXBuildFile section */
		D100000000000000000000B4 /* CineTimerWidget.appex in Embed Foundation Extensions */ = {isa = PBXBuildFile; fileRef = D100000000000000000000A2 /* CineTimerWidget.appex */; settings = {ATTRIBUTES = (RemoveHeadersOnCopy, ); }; };
		D100000000000000000000C3 /* CineTimerActivityAttributes.swift in Sources */ = {isa = PBXBuildFile; fileRef = D100000000000000000000C1 /* CineTimerActivityAttributes.swift */; };
		D100000000000000000000C4 /* CineTimerActivityAttributes.swift in Sources */ = {isa = PBXBuildFile; fileRef = D100000000000000000000C1 /* CineTimerActivityAttributes.swift */; };
		D100000000000000000000D1 /* Film.swift in Sources */ = {isa = PBXBuildFile; fileRef = D100000000000000000000D0 /* Film.swift */; };
		D100000000000000000000D2 /* Film.swift in Sources */ = {isa = PBXBuildFile; fileRef = D100000000000000000000D0 /* Film.swift */; };
		D100000000000000000000D4 /* SharedModelContainer.swift in Sources */ = {isa = PBXBuildFile; fileRef = D100000000000000000000D3 /* SharedModelContainer.swift */; };
		D100000000000000000000D5 /* SharedModelContainer.swift in Sources */ = {isa = PBXBuildFile; fileRef = D100000000000000000000D3 /* SharedModelContainer.swift */; };
/* End PBXBuildFile section */

/* Begin PBXContainerItemProxy section */
		5F52E4CA2FD8569300BDD3E4 /* PBXContainerItemProxy */ = {
			isa = PBXContainerItemProxy;
			containerPortal = 5F52E4B22FD8569300BDD3E4 /* Project object */;
			proxyType = 1;
			remoteGlobalIDString = 5F52E4B92FD8569300BDD3E4;
			remoteInfo = CineTimer;
		};
		5F52E4D42FD8569400BDD3E4 /* PBXContainerItemProxy */ = {
			isa = PBXContainerItemProxy;
			containerPortal = 5F52E4B22FD8569300BDD3E4 /* Project object */;
			proxyType = 1;
			remoteGlobalIDString = 5F52E4B92FD8569300BDD3E4;
			remoteInfo = CineTimer;
		};
		D100000000000000000000B2 /* PBXContainerItemProxy */ = {
			isa = PBXContainerItemProxy;
			containerPortal = 5F52E4B22FD8569300BDD3E4 /* Project object */;
			proxyType = 1;
			remoteGlobalIDString = D100000000000000000000A1;
			remoteInfo = CineTimerWidget;
		};
/* End PBXContainerItemProxy section */

/* Begin PBXCopyFilesBuildPhase section */
		D100000000000000000000B3 /* Embed Foundation Extensions */ = {
			isa = PBXCopyFilesBuildPhase;
			buildActionMask = 2147483647;
			dstPath = "";
			dstSubfolderSpec = 13;
			files = (
				D100000000000000000000B4 /* CineTimerWidget.appex in Embed Foundation Extensions */,
			);
			name = "Embed Foundation Extensions";
			runOnlyForDeploymentPostprocessing = 0;
		};
/* End PBXCopyFilesBuildPhase section */

/* Begin PBXFileReference section */
		5F52E4BA2FD8569300BDD3E4 /* CineTimer.app */ = {isa = PBXFileReference; explicitFileType = wrapper.application; includeInIndex = 0; path = CineTimer.app; sourceTree = BUILT_PRODUCTS_DIR; };
		5F52E4C92FD8569300BDD3E4 /* CineTimerTests.xctest */ = {isa = PBXFileReference; explicitFileType = wrapper.cfbundle; includeInIndex = 0; path = CineTimerTests.xctest; sourceTree = BUILT_PRODUCTS_DIR; };
		5F52E4D32FD8569400BDD3E4 /* CineTimerUITests.xctest */ = {isa = PBXFileReference; explicitFileType = wrapper.cfbundle; includeInIndex = 0; path = CineTimerUITests.xctest; sourceTree = BUILT_PRODUCTS_DIR; };
		D100000000000000000000A2 /* CineTimerWidget.appex */ = {isa = PBXFileReference; explicitFileType = "wrapper.app-extension"; includeInIndex = 0; path = CineTimerWidget.appex; sourceTree = BUILT_PRODUCTS_DIR; };
		D100000000000000000000C1 /* CineTimerActivityAttributes.swift */ = {isa = PBXFileReference; lastKnownFileType = sourcecode.swift; path = CineTimerActivityAttributes.swift; sourceTree = "<group>"; };
		D100000000000000000000D0 /* Film.swift */ = {isa = PBXFileReference; lastKnownFileType = sourcecode.swift; path = Film.swift; sourceTree = "<group>"; };
		D100000000000000000000D3 /* SharedModelContainer.swift */ = {isa = PBXFileReference; lastKnownFileType = sourcecode.swift; path = SharedModelContainer.swift; sourceTree = "<group>"; };
/* End PBXFileReference section */

/* Begin PBXFileSystemSynchronizedBuildFileExceptionSet section */
		D100000000000000000000A0 /* Exceptions for "CineTimerWidget" folder in "CineTimerWidget" target */ = {
			isa = PBXFileSystemSynchronizedBuildFileExceptionSet;
			membershipExceptions = (
				Info.plist,
			);
			target = D100000000000000000000A1 /* CineTimerWidget */;
		};
/* End PBXFileSystemSynchronizedBuildFileExceptionSet section */

/* Begin PBXFileSystemSynchronizedRootGroup section */
		5F52E4BC2FD8569300BDD3E4 /* CineTimer */ = {
			isa = PBXFileSystemSynchronizedRootGroup;
			path = CineTimer;
			sourceTree = "<group>";
		};
		5F52E4CC2FD8569300BDD3E4 /* CineTimerTests */ = {
			isa = PBXFileSystemSynchronizedRootGroup;
			path = CineTimerTests;
			sourceTree = "<group>";
		};
		5F52E4D62FD8569400BDD3E4 /* CineTimerUITests */ = {
			isa = PBXFileSystemSynchronizedRootGroup;
			path = CineTimerUITests;
			sourceTree = "<group>";
		};
		D100000000000000000000A3 /* CineTimerWidget */ = {
			isa = PBXFileSystemSynchronizedRootGroup;
			exceptions = (
				D100000000000000000000A0 /* Exceptions for "CineTimerWidget" folder in "CineTimerWidget" target */,
			);
			path = CineTimerWidget;
			sourceTree = "<group>";
		};
/* End PBXFileSystemSynchronizedRootGroup section */

/* Begin PBXFrameworksBuildPhase section */
		5F52E4B72FD8569300BDD3E4 /* Frameworks */ = {
			isa = PBXFrameworksBuildPhase;
			buildActionMask = 2147483647;
			files = (
			);
			runOnlyForDeploymentPostprocessing = 0;
		};
		5F52E4C62FD8569300BDD3E4 /* Frameworks */ = {
			isa = PBXFrameworksBuildPhase;
			buildActionMask = 2147483647;
			files = (
			);
			runOnlyForDeploymentPostprocessing = 0;
		};
		5F52E4D02FD8569400BDD3E4 /* Frameworks */ = {
			isa = PBXFrameworksBuildPhase;
			buildActionMask = 2147483647;
			files = (
			);
			runOnlyForDeploymentPostprocessing = 0;
		};
		D100000000000000000000A5 /* Frameworks */ = {
			isa = PBXFrameworksBuildPhase;
			buildActionMask = 2147483647;
			files = (
			);
			runOnlyForDeploymentPostprocessing = 0;
		};
/* End PBXFrameworksBuildPhase section */

/* Begin PBXGroup section */
		5F52E4B12FD8569300BDD3E4 = {
			isa = PBXGroup;
			children = (
				5F52E4BC2FD8569300BDD3E4 /* CineTimer */,
				D100000000000000000000A3 /* CineTimerWidget */,
				D100000000000000000000C2 /* Shared */,
				5F52E4CC2FD8569300BDD3E4 /* CineTimerTests */,
				5F52E4D62FD8569400BDD3E4 /* CineTimerUITests */,
				5F52E4BB2FD8569300BDD3E4 /* Products */,
			);
			sourceTree = "<group>";
		};
		5F52E4BB2FD8569300BDD3E4 /* Products */ = {
			isa = PBXGroup;
			children = (
				5F52E4BA2FD8569300BDD3E4 /* CineTimer.app */,
				5F52E4C92FD8569300BDD3E4 /* CineTimerTests.xctest */,
				5F52E4D32FD8569400BDD3E4 /* CineTimerUITests.xctest */,
				D100000000000000000000A2 /* CineTimerWidget.appex */,
			);
			name = Products;
			sourceTree = "<group>";
		};
		D100000000000000000000C2 /* Shared */ = {
			isa = PBXGroup;
			children = (
				D100000000000000000000C1 /* CineTimerActivityAttributes.swift */,
				D100000000000000000000D0 /* Film.swift */,
				D100000000000000000000D3 /* SharedModelContainer.swift */,
			);
			path = Shared;
			sourceTree = "<group>";
		};
/* End PBXGroup section */

/* Begin PBXNativeTarget section */
		5F52E4B92FD8569300BDD3E4 /* CineTimer */ = {
			isa = PBXNativeTarget;
			buildConfigurationList = 5F52E4DD2FD8569400BDD3E4 /* Build configuration list for PBXNativeTarget "CineTimer" */;
			buildPhases = (
				5F52E4B62FD8569300BDD3E4 /* Sources */,
				5F52E4B72FD8569300BDD3E4 /* Frameworks */,
				5F52E4B82FD8569300BDD3E4 /* Resources */,
				D100000000000000000000B3 /* Embed Foundation Extensions */,
			);
			buildRules = (
			);
			dependencies = (
				D100000000000000000000B1 /* PBXTargetDependency */,
			);
			fileSystemSynchronizedGroups = (
				5F52E4BC2FD8569300BDD3E4 /* CineTimer */,
			);
			name = CineTimer;
			packageProductDependencies = (
			);
			productName = CineTimer;
			productReference = 5F52E4BA2FD8569300BDD3E4 /* CineTimer.app */;
			productType = "com.apple.product-type.application";
		};
		5F52E4C82FD8569300BDD3E4 /* CineTimerTests */ = {
			isa = PBXNativeTarget;
			buildConfigurationList = 5F52E4E02FD8569400BDD3E4 /* Build configuration list for PBXNativeTarget "CineTimerTests" */;
			buildPhases = (
				5F52E4C52FD8569300BDD3E4 /* Sources */,
				5F52E4C62FD8569300BDD3E4 /* Frameworks */,
				5F52E4C72FD8569300BDD3E4 /* Resources */,
			);
			buildRules = (
			);
			dependencies = (
				5F52E4CB2FD8569300BDD3E4 /* PBXTargetDependency */,
			);
			fileSystemSynchronizedGroups = (
				5F52E4CC2FD8569300BDD3E4 /* CineTimerTests */,
			);
			name = CineTimerTests;
			packageProductDependencies = (
			);
			productName = CineTimerTests;
			productReference = 5F52E4C92FD8569300BDD3E4 /* CineTimerTests.xctest */;
			productType = "com.apple.product-type.bundle.unit-test";
		};
		5F52E4D22FD8569400BDD3E4 /* CineTimerUITests */ = {
			isa = PBXNativeTarget;
			buildConfigurationList = 5F52E4E32FD8569400BDD3E4 /* Build configuration list for PBXNativeTarget "CineTimerUITests" */;
			buildPhases = (
				5F52E4CF2FD8569400BDD3E4 /* Sources */,
				5F52E4D02FD8569400BDD3E4 /* Frameworks */,
				5F52E4D12FD8569400BDD3E4 /* Resources */,
			);
			buildRules = (
			);
			dependencies = (
				5F52E4D52FD8569400BDD3E4 /* PBXTargetDependency */,
			);
			fileSystemSynchronizedGroups = (
				5F52E4D62FD8569400BDD3E4 /* CineTimerUITests */,
			);
			name = CineTimerUITests;
			packageProductDependencies = (
			);
			productName = CineTimerUITests;
			productReference = 5F52E4D32FD8569400BDD3E4 /* CineTimerUITests.xctest */;
			productType = "com.apple.product-type.bundle.ui-testing";
		};
		D100000000000000000000A1 /* CineTimerWidget */ = {
			isa = PBXNativeTarget;
			buildConfigurationList = D100000000000000000000A7 /* Build configuration list for PBXNativeTarget "CineTimerWidget" */;
			buildPhases = (
				D100000000000000000000A4 /* Sources */,
				D100000000000000000000A5 /* Frameworks */,
				D100000000000000000000A6 /* Resources */,
			);
			buildRules = (
			);
			dependencies = (
			);
			fileSystemSynchronizedGroups = (
				D100000000000000000000A3 /* CineTimerWidget */,
			);
			name = CineTimerWidget;
			packageProductDependencies = (
			);
			productName = CineTimerWidget;
			productReference = D100000000000000000000A2 /* CineTimerWidget.appex */;
			productType = "com.apple.product-type.app-extension";
		};
/* End PBXNativeTarget section */

/* Begin PBXProject section */
		5F52E4B22FD8569300BDD3E4 /* Project object */ = {
			isa = PBXProject;
			attributes = {
				BuildIndependentTargetsInParallel = 1;
				LastSwiftUpdateCheck = 2650;
				LastUpgradeCheck = 2650;
				TargetAttributes = {
					5F52E4B92FD8569300BDD3E4 = {
						CreatedOnToolsVersion = 26.5;
					};
					5F52E4C82FD8569300BDD3E4 = {
						CreatedOnToolsVersion = 26.5;
						TestTargetID = 5F52E4B92FD8569300BDD3E4;
					};
					5F52E4D22FD8569400BDD3E4 = {
						CreatedOnToolsVersion = 26.5;
						TestTargetID = 5F52E4B92FD8569300BDD3E4;
					};
					D100000000000000000000A1 = {
						CreatedOnToolsVersion = 26.5;
					};
				};
			};
			buildConfigurationList = 5F52E4B52FD8569300BDD3E4 /* Build configuration list for PBXProject "CineTimer" */;
			developmentRegion = en;
			hasScannedForEncodings = 0;
			knownRegions = (
				en,
				Base,
			);
			mainGroup = 5F52E4B12FD8569300BDD3E4;
			minimizedProjectReferenceProxies = 1;
			preferredProjectObjectVersion = 77;
			productRefGroup = 5F52E4BB2FD8569300BDD3E4 /* Products */;
			projectDirPath = "";
			projectRoot = "";
			targets = (
				5F52E4B92FD8569300BDD3E4 /* CineTimer */,
				D100000000000000000000A1 /* CineTimerWidget */,
				5F52E4C82FD8569300BDD3E4 /* CineTimerTests */,
				5F52E4D22FD8569400BDD3E4 /* CineTimerUITests */,
			);
		};
/* End PBXProject section */

/* Begin PBXResourcesBuildPhase section */
		5F52E4B82FD8569300BDD3E4 /* Resources */ = {
			isa = PBXResourcesBuildPhase;
			buildActionMask = 2147483647;
			files = (
			);
			runOnlyForDeploymentPostprocessing = 0;
		};
		5F52E4C72FD8569300BDD3E4 /* Resources */ = {
			isa = PBXResourcesBuildPhase;
			buildActionMask = 2147483647;
			files = (
			);
			runOnlyForDeploymentPostprocessing = 0;
		};
		5F52E4D12FD8569400BDD3E4 /* Resources */ = {
			isa = PBXResourcesBuildPhase;
			buildActionMask = 2147483647;
			files = (
			);
			runOnlyForDeploymentPostprocessing = 0;
		};
		D100000000000000000000A6 /* Resources */ = {
			isa = PBXResourcesBuildPhase;
			buildActionMask = 2147483647;
			files = (
			);
			runOnlyForDeploymentPostprocessing = 0;
		};
/* End PBXResourcesBuildPhase section */

/* Begin PBXSourcesBuildPhase section */
		5F52E4B62FD8569300BDD3E4 /* Sources */ = {
			isa = PBXSourcesBuildPhase;
			buildActionMask = 2147483647;
			files = (
				D100000000000000000000C3 /* CineTimerActivityAttributes.swift in Sources */,
				D100000000000000000000D1 /* Film.swift in Sources */,
				D100000000000000000000D4 /* SharedModelContainer.swift in Sources */,
			);
			runOnlyForDeploymentPostprocessing = 0;
		};
		5F52E4C52FD8569300BDD3E4 /* Sources */ = {
			isa = PBXSourcesBuildPhase;
			buildActionMask = 2147483647;
			files = (
			);
			runOnlyForDeploymentPostprocessing = 0;
		};
		5F52E4CF2FD8569400BDD3E4 /* Sources */ = {
			isa = PBXSourcesBuildPhase;
			buildActionMask = 2147483647;
			files = (
			);
			runOnlyForDeploymentPostprocessing = 0;
		};
		D100000000000000000000A4 /* Sources */ = {
			isa = PBXSourcesBuildPhase;
			buildActionMask = 2147483647;
			files = (
				D100000000000000000000C4 /* CineTimerActivityAttributes.swift in Sources */,
				D100000000000000000000D2 /* Film.swift in Sources */,
				D100000000000000000000D5 /* SharedModelContainer.swift in Sources */,
			);
			runOnlyForDeploymentPostprocessing = 0;
		};
/* End PBXSourcesBuildPhase section */

/* Begin PBXTargetDependency section */
		5F52E4CB2FD8569300BDD3E4 /* PBXTargetDependency */ = {
			isa = PBXTargetDependency;
			target = 5F52E4B92FD8569300BDD3E4 /* CineTimer */;
			targetProxy = 5F52E4CA2FD8569300BDD3E4 /* PBXContainerItemProxy */;
		};
		5F52E4D52FD8569400BDD3E4 /* PBXTargetDependency */ = {
			isa = PBXTargetDependency;
			target = 5F52E4B92FD8569300BDD3E4 /* CineTimer */;
			targetProxy = 5F52E4D42FD8569400BDD3E4 /* PBXContainerItemProxy */;
		};
		D100000000000000000000B1 /* PBXTargetDependency */ = {
			isa = PBXTargetDependency;
			target = D100000000000000000000A1 /* CineTimerWidget */;
			targetProxy = D100000000000000000000B2 /* PBXContainerItemProxy */;
		};
/* End PBXTargetDependency section */

/* Begin XCBuildConfiguration section */
		5F52E4DB2FD8569400BDD3E4 /* Debug */ = {
			isa = XCBuildConfiguration;
			buildSettings = {
				ALWAYS_SEARCH_USER_PATHS = NO;
				ASSETCATALOG_COMPILER_GENERATE_SWIFT_ASSET_SYMBOL_EXTENSIONS = YES;
				CLANG_ANALYZER_NONNULL = YES;
				CLANG_ANALYZER_NUMBER_OBJECT_CONVERSION = YES_AGGRESSIVE;
				CLANG_CXX_LANGUAGE_STANDARD = "gnu++20";
				CLANG_ENABLE_MODULES = YES;
				CLANG_ENABLE_OBJC_ARC = YES;
				CLANG_ENABLE_OBJC_WEAK = YES;
				CLANG_WARN_BLOCK_CAPTURE_AUTORELEASING = YES;
				CLANG_WARN_BOOL_CONVERSION = YES;
				CLANG_WARN_COMMA = YES;
				CLANG_WARN_CONSTANT_CONVERSION = YES;
				CLANG_WARN_DEPRECATED_OBJC_IMPLEMENTATIONS = YES;
				CLANG_WARN_DIRECT_OBJC_ISA_USAGE = YES_ERROR;
				CLANG_WARN_DOCUMENTATION_COMMENTS = YES;
				CLANG_WARN_EMPTY_BODY = YES;
				CLANG_WARN_ENUM_CONVERSION = YES;
				CLANG_WARN_INFINITE_RECURSION = YES;
				CLANG_WARN_INT_CONVERSION = YES;
				CLANG_WARN_NON_LITERAL_NULL_CONVERSION = YES;
				CLANG_WARN_OBJC_IMPLICIT_RETAIN_SELF = YES;
				CLANG_WARN_OBJC_LITERAL_CONVERSION = YES;
				CLANG_WARN_OBJC_ROOT_CLASS = YES_ERROR;
				CLANG_WARN_QUOTED_INCLUDE_IN_FRAMEWORK_HEADER = YES;
				CLANG_WARN_RANGE_LOOP_ANALYSIS = YES;
				CLANG_WARN_STRICT_PROTOTYPES = YES;
				CLANG_WARN_SUSPICIOUS_MOVE = YES;
				CLANG_WARN_UNGUARDED_AVAILABILITY = YES_AGGRESSIVE;
				CLANG_WARN_UNREACHABLE_CODE = YES;
				CLANG_WARN__DUPLICATE_METHOD_MATCH = YES;
				COPY_PHASE_STRIP = NO;
				DEBUG_INFORMATION_FORMAT = dwarf;
				ENABLE_STRICT_OBJC_MSGSEND = YES;
				ENABLE_TESTABILITY = YES;
				ENABLE_USER_SCRIPT_SANDBOXING = YES;
				GCC_C_LANGUAGE_STANDARD = gnu17;
				GCC_DYNAMIC_NO_PIC = NO;
				GCC_NO_COMMON_BLOCKS = YES;
				GCC_OPTIMIZATION_LEVEL = 0;
				GCC_PREPROCESSOR_DEFINITIONS = (
					"DEBUG=1",
					"$(inherited)",
				);
				GCC_WARN_64_TO_32_BIT_CONVERSION = YES;
				GCC_WARN_ABOUT_RETURN_TYPE = YES_ERROR;
				GCC_WARN_UNDECLARED_SELECTOR = YES;
				GCC_WARN_UNINITIALIZED_AUTOS = YES_AGGRESSIVE;
				GCC_WARN_UNUSED_FUNCTION = YES;
				GCC_WARN_UNUSED_VARIABLE = YES;
				IPHONEOS_DEPLOYMENT_TARGET = 26.5;
				LOCALIZATION_PREFERS_STRING_CATALOGS = YES;
				MTL_ENABLE_DEBUG_INFO = INCLUDE_SOURCE;
				MTL_FAST_MATH = YES;
				ONLY_ACTIVE_ARCH = YES;
				SDKROOT = iphoneos;
				STRING_CATALOG_GENERATE_SYMBOLS = YES;
				SWIFT_ACTIVE_COMPILATION_CONDITIONS = "DEBUG $(inherited)";
				SWIFT_OPTIMIZATION_LEVEL = "-Onone";
			};
			name = Debug;
		};
		5F52E4DC2FD8569400BDD3E4 /* Release */ = {
			isa = XCBuildConfiguration;
			buildSettings = {
				ALWAYS_SEARCH_USER_PATHS = NO;
				ASSETCATALOG_COMPILER_GENERATE_SWIFT_ASSET_SYMBOL_EXTENSIONS = YES;
				CLANG_ANALYZER_NONNULL = YES;
				CLANG_ANALYZER_NUMBER_OBJECT_CONVERSION = YES_AGGRESSIVE;
				CLANG_CXX_LANGUAGE_STANDARD = "gnu++20";
				CLANG_ENABLE_MODULES = YES;
				CLANG_ENABLE_OBJC_ARC = YES;
				CLANG_ENABLE_OBJC_WEAK = YES;
				CLANG_WARN_BLOCK_CAPTURE_AUTORELEASING = YES;
				CLANG_WARN_BOOL_CONVERSION = YES;
				CLANG_WARN_COMMA = YES;
				CLANG_WARN_CONSTANT_CONVERSION = YES;
				CLANG_WARN_DEPRECATED_OBJC_IMPLEMENTATIONS = YES;
				CLANG_WARN_DIRECT_OBJC_ISA_USAGE = YES_ERROR;
				CLANG_WARN_DOCUMENTATION_COMMENTS = YES;
				CLANG_WARN_EMPTY_BODY = YES;
				CLANG_WARN_ENUM_CONVERSION = YES;
				CLANG_WARN_INFINITE_RECURSION = YES;
				CLANG_WARN_INT_CONVERSION = YES;
				CLANG_WARN_NON_LITERAL_NULL_CONVERSION = YES;
				CLANG_WARN_OBJC_IMPLICIT_RETAIN_SELF = YES;
				CLANG_WARN_OBJC_LITERAL_CONVERSION = YES;
				CLANG_WARN_OBJC_ROOT_CLASS = YES_ERROR;
				CLANG_WARN_QUOTED_INCLUDE_IN_FRAMEWORK_HEADER = YES;
				CLANG_WARN_RANGE_LOOP_ANALYSIS = YES;
				CLANG_WARN_STRICT_PROTOTYPES = YES;
				CLANG_WARN_SUSPICIOUS_MOVE = YES;
				CLANG_WARN_UNGUARDED_AVAILABILITY = YES_AGGRESSIVE;
				CLANG_WARN_UNREACHABLE_CODE = YES;
				CLANG_WARN__DUPLICATE_METHOD_MATCH = YES;
				COPY_PHASE_STRIP = NO;
				DEBUG_INFORMATION_FORMAT = "dwarf-with-dsym";
				ENABLE_NS_ASSERTIONS = NO;
				ENABLE_STRICT_OBJC_MSGSEND = YES;
				ENABLE_USER_SCRIPT_SANDBOXING = YES;
				GCC_C_LANGUAGE_STANDARD = gnu17;
				GCC_NO_COMMON_BLOCKS = YES;
				GCC_WARN_64_TO_32_BIT_CONVERSION = YES;
				GCC_WARN_ABOUT_RETURN_TYPE = YES_ERROR;
				GCC_WARN_UNDECLARED_SELECTOR = YES;
				GCC_WARN_UNINITIALIZED_AUTOS = YES_AGGRESSIVE;
				GCC_WARN_UNUSED_FUNCTION = YES;
				GCC_WARN_UNUSED_VARIABLE = YES;
				IPHONEOS_DEPLOYMENT_TARGET = 26.5;
				LOCALIZATION_PREFERS_STRING_CATALOGS = YES;
				MTL_ENABLE_DEBUG_INFO = NO;
				MTL_FAST_MATH = YES;
				SDKROOT = iphoneos;
				STRING_CATALOG_GENERATE_SYMBOLS = YES;
				SWIFT_COMPILATION_MODE = wholemodule;
				VALIDATE_PRODUCT = YES;
			};
			name = Release;
		};
		5F52E4DE2FD8569400BDD3E4 /* Debug */ = {
			isa = XCBuildConfiguration;
			buildSettings = {
				ASSETCATALOG_COMPILER_APPICON_NAME = AppIcon;
				ASSETCATALOG_COMPILER_GLOBAL_ACCENT_COLOR_NAME = AccentColor;
				CODE_SIGN_ENTITLEMENTS = CineTimer/CineTimer.entitlements;
				CODE_SIGN_STYLE = Automatic;
				CURRENT_PROJECT_VERSION = 1;
				DEVELOPMENT_TEAM = 3CL7HJH3XP;
				ENABLE_PREVIEWS = YES;
				GENERATE_INFOPLIST_FILE = YES;
				INFOPLIST_KEY_CFBundleDisplayName = CineTimer;
				INFOPLIST_KEY_LSApplicationCategoryType = "public.app-category.entertainment";
				INFOPLIST_KEY_NSSupportsLiveActivities = YES;
				INFOPLIST_KEY_UIApplicationSceneManifest_Generation = YES;
				INFOPLIST_KEY_UIApplicationSupportsIndirectInputEvents = YES;
				INFOPLIST_KEY_UILaunchScreen_Generation = YES;
				INFOPLIST_KEY_UISupportedInterfaceOrientations = UIInterfaceOrientationPortrait;
				LD_RUNPATH_SEARCH_PATHS = (
					"$(inherited)",
					"@executable_path/Frameworks",
				);
				MARKETING_VERSION = 1.0;
				PRODUCT_BUNDLE_IDENTIFIER = com.kistasi.CineTimer;
				PRODUCT_NAME = "$(TARGET_NAME)";
				STRING_CATALOG_GENERATE_SYMBOLS = YES;
				SUPPORTED_PLATFORMS = "iphoneos iphonesimulator";
				SUPPORTS_MACCATALYST = NO;
				SUPPORTS_MAC_DESIGNED_FOR_IPHONE_IPAD = NO;
				SUPPORTS_XR_DESIGNED_FOR_IPHONE_IPAD = NO;
				SWIFT_APPROACHABLE_CONCURRENCY = YES;
				SWIFT_DEFAULT_ACTOR_ISOLATION = MainActor;
				SWIFT_EMIT_LOC_STRINGS = YES;
				SWIFT_UPCOMING_FEATURE_MEMBER_IMPORT_VISIBILITY = YES;
				SWIFT_VERSION = 5.0;
				TARGETED_DEVICE_FAMILY = 1;
			};
			name = Debug;
		};
		5F52E4DF2FD8569400BDD3E4 /* Release */ = {
			isa = XCBuildConfiguration;
			buildSettings = {
				ASSETCATALOG_COMPILER_APPICON_NAME = AppIcon;
				ASSETCATALOG_COMPILER_GLOBAL_ACCENT_COLOR_NAME = AccentColor;
				CODE_SIGN_ENTITLEMENTS = CineTimer/CineTimer.entitlements;
				CODE_SIGN_STYLE = Automatic;
				CURRENT_PROJECT_VERSION = 1;
				DEVELOPMENT_TEAM = 3CL7HJH3XP;
				ENABLE_PREVIEWS = YES;
				GENERATE_INFOPLIST_FILE = YES;
				INFOPLIST_KEY_CFBundleDisplayName = CineTimer;
				INFOPLIST_KEY_LSApplicationCategoryType = "public.app-category.entertainment";
				INFOPLIST_KEY_NSSupportsLiveActivities = YES;
				INFOPLIST_KEY_UIApplicationSceneManifest_Generation = YES;
				INFOPLIST_KEY_UIApplicationSupportsIndirectInputEvents = YES;
				INFOPLIST_KEY_UILaunchScreen_Generation = YES;
				INFOPLIST_KEY_UISupportedInterfaceOrientations = UIInterfaceOrientationPortrait;
				LD_RUNPATH_SEARCH_PATHS = (
					"$(inherited)",
					"@executable_path/Frameworks",
				);
				MARKETING_VERSION = 1.0;
				PRODUCT_BUNDLE_IDENTIFIER = com.kistasi.CineTimer;
				PRODUCT_NAME = "$(TARGET_NAME)";
				STRING_CATALOG_GENERATE_SYMBOLS = YES;
				SUPPORTED_PLATFORMS = "iphoneos iphonesimulator";
				SUPPORTS_MACCATALYST = NO;
				SUPPORTS_MAC_DESIGNED_FOR_IPHONE_IPAD = NO;
				SUPPORTS_XR_DESIGNED_FOR_IPHONE_IPAD = NO;
				SWIFT_APPROACHABLE_CONCURRENCY = YES;
				SWIFT_DEFAULT_ACTOR_ISOLATION = MainActor;
				SWIFT_EMIT_LOC_STRINGS = YES;
				SWIFT_UPCOMING_FEATURE_MEMBER_IMPORT_VISIBILITY = YES;
				SWIFT_VERSION = 5.0;
				TARGETED_DEVICE_FAMILY = 1;
			};
			name = Release;
		};
		5F52E4E12FD8569400BDD3E4 /* Debug */ = {
			isa = XCBuildConfiguration;
			buildSettings = {
				BUNDLE_LOADER = "$(TEST_HOST)";
				CODE_SIGN_STYLE = Automatic;
				CURRENT_PROJECT_VERSION = 1;
				GENERATE_INFOPLIST_FILE = YES;
				IPHONEOS_DEPLOYMENT_TARGET = 26.5;
				MARKETING_VERSION = 1.0;
				PRODUCT_BUNDLE_IDENTIFIER = com.kistasi.CineTimerTests;
				PRODUCT_NAME = "$(TARGET_NAME)";
				STRING_CATALOG_GENERATE_SYMBOLS = NO;
				SWIFT_APPROACHABLE_CONCURRENCY = YES;
				SWIFT_EMIT_LOC_STRINGS = NO;
				SWIFT_UPCOMING_FEATURE_MEMBER_IMPORT_VISIBILITY = YES;
				SWIFT_VERSION = 5.0;
				TARGETED_DEVICE_FAMILY = "1,2";
				TEST_HOST = "$(BUILT_PRODUCTS_DIR)/CineTimer.app/$(BUNDLE_EXECUTABLE_FOLDER_PATH)/CineTimer";
			};
			name = Debug;
		};
		5F52E4E22FD8569400BDD3E4 /* Release */ = {
			isa = XCBuildConfiguration;
			buildSettings = {
				BUNDLE_LOADER = "$(TEST_HOST)";
				CODE_SIGN_STYLE = Automatic;
				CURRENT_PROJECT_VERSION = 1;
				GENERATE_INFOPLIST_FILE = YES;
				IPHONEOS_DEPLOYMENT_TARGET = 26.5;
				MARKETING_VERSION = 1.0;
				PRODUCT_BUNDLE_IDENTIFIER = com.kistasi.CineTimerTests;
				PRODUCT_NAME = "$(TARGET_NAME)";
				STRING_CATALOG_GENERATE_SYMBOLS = NO;
				SWIFT_APPROACHABLE_CONCURRENCY = YES;
				SWIFT_EMIT_LOC_STRINGS = NO;
				SWIFT_UPCOMING_FEATURE_MEMBER_IMPORT_VISIBILITY = YES;
				SWIFT_VERSION = 5.0;
				TARGETED_DEVICE_FAMILY = "1,2";
				TEST_HOST = "$(BUILT_PRODUCTS_DIR)/CineTimer.app/$(BUNDLE_EXECUTABLE_FOLDER_PATH)/CineTimer";
			};
			name = Release;
		};
		5F52E4E42FD8569400BDD3E4 /* Debug */ = {
			isa = XCBuildConfiguration;
			buildSettings = {
				CODE_SIGN_STYLE = Automatic;
				CURRENT_PROJECT_VERSION = 1;
				GENERATE_INFOPLIST_FILE = YES;
				MARKETING_VERSION = 1.0;
				PRODUCT_BUNDLE_IDENTIFIER = com.kistasi.CineTimerUITests;
				PRODUCT_NAME = "$(TARGET_NAME)";
				STRING_CATALOG_GENERATE_SYMBOLS = NO;
				SWIFT_APPROACHABLE_CONCURRENCY = YES;
				SWIFT_EMIT_LOC_STRINGS = NO;
				SWIFT_UPCOMING_FEATURE_MEMBER_IMPORT_VISIBILITY = YES;
				SWIFT_VERSION = 5.0;
				TARGETED_DEVICE_FAMILY = "1,2";
				TEST_TARGET_NAME = CineTimer;
			};
			name = Debug;
		};
		5F52E4E52FD8569400BDD3E4 /* Release */ = {
			isa = XCBuildConfiguration;
			buildSettings = {
				CODE_SIGN_STYLE = Automatic;
				CURRENT_PROJECT_VERSION = 1;
				GENERATE_INFOPLIST_FILE = YES;
				MARKETING_VERSION = 1.0;
				PRODUCT_BUNDLE_IDENTIFIER = com.kistasi.CineTimerUITests;
				PRODUCT_NAME = "$(TARGET_NAME)";
				STRING_CATALOG_GENERATE_SYMBOLS = NO;
				SWIFT_APPROACHABLE_CONCURRENCY = YES;
				SWIFT_EMIT_LOC_STRINGS = NO;
				SWIFT_UPCOMING_FEATURE_MEMBER_IMPORT_VISIBILITY = YES;
				SWIFT_VERSION = 5.0;
				TARGETED_DEVICE_FAMILY = "1,2";
				TEST_TARGET_NAME = CineTimer;
			};
			name = Release;
		};
		D100000000000000000000A8 /* Debug */ = {
			isa = XCBuildConfiguration;
			buildSettings = {
				CODE_SIGN_ENTITLEMENTS = CineTimerWidget/CineTimerWidget.entitlements;
				CODE_SIGN_STYLE = Automatic;
				CURRENT_PROJECT_VERSION = 1;
				DEVELOPMENT_TEAM = 3CL7HJH3XP;
				GENERATE_INFOPLIST_FILE = YES;
				INFOPLIST_FILE = CineTimerWidget/Info.plist;
				INFOPLIST_KEY_CFBundleDisplayName = CineTimer;
				INFOPLIST_KEY_NSHumanReadableCopyright = "";
				IPHONEOS_DEPLOYMENT_TARGET = 26.5;
				LD_RUNPATH_SEARCH_PATHS = (
					"$(inherited)",
					"@executable_path/Frameworks",
					"@executable_path/../../Frameworks",
				);
				MARKETING_VERSION = 1.0;
				PRODUCT_BUNDLE_IDENTIFIER = com.kistasi.CineTimer.CineTimerWidget;
				PRODUCT_NAME = "$(TARGET_NAME)";
				SKIP_INSTALL = YES;
				SWIFT_APPROACHABLE_CONCURRENCY = YES;
				SWIFT_DEFAULT_ACTOR_ISOLATION = MainActor;
				SWIFT_EMIT_LOC_STRINGS = YES;
				SWIFT_UPCOMING_FEATURE_MEMBER_IMPORT_VISIBILITY = YES;
				SWIFT_VERSION = 5.0;
				TARGETED_DEVICE_FAMILY = 1;
			};
			name = Debug;
		};
		D100000000000000000000A9 /* Release */ = {
			isa = XCBuildConfiguration;
			buildSettings = {
				CODE_SIGN_ENTITLEMENTS = CineTimerWidget/CineTimerWidget.entitlements;
				CODE_SIGN_STYLE = Automatic;
				CURRENT_PROJECT_VERSION = 1;
				DEVELOPMENT_TEAM = 3CL7HJH3XP;
				GENERATE_INFOPLIST_FILE = YES;
				INFOPLIST_FILE = CineTimerWidget/Info.plist;
				INFOPLIST_KEY_CFBundleDisplayName = CineTimer;
				INFOPLIST_KEY_NSHumanReadableCopyright = "";
				IPHONEOS_DEPLOYMENT_TARGET = 26.5;
				LD_RUNPATH_SEARCH_PATHS = (
					"$(inherited)",
					"@executable_path/Frameworks",
					"@executable_path/../../Frameworks",
				);
				MARKETING_VERSION = 1.0;
				PRODUCT_BUNDLE_IDENTIFIER = com.kistasi.CineTimer.CineTimerWidget;
				PRODUCT_NAME = "$(TARGET_NAME)";
				SKIP_INSTALL = YES;
				SWIFT_APPROACHABLE_CONCURRENCY = YES;
				SWIFT_DEFAULT_ACTOR_ISOLATION = MainActor;
				SWIFT_EMIT_LOC_STRINGS = YES;
				SWIFT_UPCOMING_FEATURE_MEMBER_IMPORT_VISIBILITY = YES;
				SWIFT_VERSION = 5.0;
				TARGETED_DEVICE_FAMILY = 1;
			};
			name = Release;
		};
/* End XCBuildConfiguration section */

/* Begin XCConfigurationList section */
		5F52E4B52FD8569300BDD3E4 /* Build configuration list for PBXProject "CineTimer" */ = {
			isa = XCConfigurationList;
			buildConfigurations = (
				5F52E4DB2FD8569400BDD3E4 /* Debug */,
				5F52E4DC2FD8569400BDD3E4 /* Release */,
			);
			defaultConfigurationIsVisible = 0;
			defaultConfigurationName = Release;
		};
		5F52E4DD2FD8569400BDD3E4 /* Build configuration list for PBXNativeTarget "CineTimer" */ = {
			isa = XCConfigurationList;
			buildConfigurations = (
				5F52E4DE2FD8569400BDD3E4 /* Debug */,
				5F52E4DF2FD8569400BDD3E4 /* Release */,
			);
			defaultConfigurationIsVisible = 0;
			defaultConfigurationName = Release;
		};
		5F52E4E02FD8569400BDD3E4 /* Build configuration list for PBXNativeTarget "CineTimerTests" */ = {
			isa = XCConfigurationList;
			buildConfigurations = (
				5F52E4E12FD8569400BDD3E4 /* Debug */,
				5F52E4E22FD8569400BDD3E4 /* Release */,
			);
			defaultConfigurationIsVisible = 0;
			defaultConfigurationName = Release;
		};
		5F52E4E32FD8569400BDD3E4 /* Build configuration list for PBXNativeTarget "CineTimerUITests" */ = {
			isa = XCConfigurationList;
			buildConfigurations = (
				5F52E4E42FD8569400BDD3E4 /* Debug */,
				5F52E4E52FD8569400BDD3E4 /* Release */,
			);
			defaultConfigurationIsVisible = 0;
			defaultConfigurationName = Release;
		};
		D100000000000000000000A7 /* Build configuration list for PBXNativeTarget "CineTimerWidget" */ = {
			isa = XCConfigurationList;
			buildConfigurations = (
				D100000000000000000000A8 /* Debug */,
				D100000000000000000000A9 /* Release */,
			);
			defaultConfigurationIsVisible = 0;
			defaultConfigurationName = Release;
		};
/* End XCConfigurationList section */
	};
	rootObject = 5F52E4B22FD8569300BDD3E4 /* Project object */;
}
